// !$*UTF8*$!
{
	archiveVersion = 1;
	classes = {
	};
	objectVersion = 50;
	objects = {

/* Begin PBXBuildFile section */
		5016F4CE241EB4260020FA0A /* AppDelegate.swift in Sources */ = {isa = PBXBuildFile; fileRef = 5016F4CD241EB4260020FA0A /* AppDelegate.swift */; };
		5016F4D0241EB4260020FA0A /* SceneDelegate.swift in Sources */ = {isa = PBXBuildFile; fileRef = 5016F4CF241EB4260020FA0A /* SceneDelegate.swift */; };
		5016F4D2241EB4260020FA0A /* ViewController.swift in Sources */ = {isa = PBXBuildFile; fileRef = 5016F4D1241EB4260020FA0A /* ViewController.swift */; };
		5016F4D5241EB4260020FA0A /* Main.storyboard in Resources */ = {isa = PBXBuildFile; fileRef = 5016F4D3241EB4260020FA0A /* Main.storyboard */; };
		5016F4D7241EB4280020FA0A /* Assets.xcassets in Resources */ = {isa = PBXBuildFile; fileRef = 5016F4D6241EB4280020FA0A /* Assets.xcassets */; };
		5016F4DA241EB4280020FA0A /* LaunchScreen.storyboard in Resources */ = {isa = PBXBuildFile; fileRef = 5016F4D8241EB4280020FA0A /* LaunchScreen.storyboard */; };
		5016F4E5241EB4290020FA0A /* Lucas_Weakland_Ballot_ProjectTests.swift in Sources */ = {isa = PBXBuildFile; fileRef = 5016F4E4241EB4290020FA0A /* Lucas_Weakland_Ballot_ProjectTests.swift */; };
		5016F4F0241EB4290020FA0A /* Lucas_Weakland_Ballot_ProjectUITests.swift in Sources */ = {isa = PBXBuildFile; fileRef = 5016F4EF241EB4290020FA0A /* Lucas_Weakland_Ballot_ProjectUITests.swift */; };
		5016F4FE241EB8B10020FA0A /* Management TabVC.swift in Sources */ = {isa = PBXBuildFile; fileRef = 5016F4FD241EB8B10020FA0A /* Management TabVC.swift */; };
		5016F500241EB8EF0020FA0A /* IntroVC.swift in Sources */ = {isa = PBXBuildFile; fileRef = 5016F4FF241EB8EF0020FA0A /* IntroVC.swift */; };
		5016F502241EB9040020FA0A /* VoteVC.swift in Sources */ = {isa = PBXBuildFile; fileRef = 5016F501241EB9040020FA0A /* VoteVC.swift */; };
		5016F504241EB9180020FA0A /* ResultsVC.swift in Sources */ = {isa = PBXBuildFile; fileRef = 5016F503241EB9180020FA0A /* ResultsVC.swift */; };
		5016F506241FEC420020FA0A /* TabManageVC.swift in Sources */ = {isa = PBXBuildFile; fileRef = 5016F505241FEC420020FA0A /* TabManageVC.swift */; };
		5016F508241FEC7F0020FA0A /* TabBarManage.swift in Sources */ = {isa = PBXBuildFile; fileRef = 5016F507241FEC7F0020FA0A /* TabBarManage.swift */; };
/* End PBXBuildFile section */

/* Begin PBXContainerItemProxy section */
		5016F4E1241EB4290020FA0A /* PBXContainerItemProxy */ = {
			isa = PBXContainerItemProxy;
			containerPortal = 5016F4C2241EB4260020FA0A /* Project object */;
			proxyType = 1;
			remoteGlobalIDString = 5016F4C9241EB4260020FA0A;
			remoteInfo = "Lucas Weakland Ballot Project";
		};
		5016F4EC241EB4290020FA0A /* PBXContainerItemProxy */ = {
			isa = PBXContainerItemProxy;
			containerPortal = 5016F4C2241EB4260020FA0A /* Project object */;
			proxyType = 1;
			remoteGlobalIDString = 5016F4C9241EB4260020FA0A;
			remoteInfo = "Lucas Weakland Ballot Project";
		};
/* End PBXContainerItemProxy section */

/* Begin PBXFileReference section */
		5016F4CA241EB4260020FA0A /* Lucas Weakland Ballot Project.app */ = {isa = PBXFileReference; explicitFileType = wrapper.application; includeInIndex = 0; path = "Lucas Weakland Ballot Project.app"; sourceTree = BUILT_PRODUCTS_DIR; };
		5016F4CD241EB4260020FA0A /* AppDelegate.swift */ = {isa = PBXFileReference; lastKnownFileType = sourcecode.swift; path = AppDelegate.swift; sourceTree = "<group>"; };
		5016F4CF241EB4260020FA0A /* SceneDelegate.swift */ = {isa = PBXFileReference; lastKnownFileType = sourcecode.swift; path = SceneDelegate.swift; sourceTree = "<group>"; };
		5016F4D1241EB4260020FA0A /* ViewController.swift */ = {isa = PBXFileReference; lastKnownFileType = sourcecode.swift; path = ViewController.swift; sourceTree = "<group>"; };
		5016F4D4241EB4260020FA0A /* Base */ = {isa = PBXFileReference; lastKnownFileType = file.storyboard; name = Base; path = Base.lproj/Main.storyboard; sourceTree = "<group>"; };
		5016F4D6241EB4280020FA0A /* Assets.xcassets */ = {isa = PBXFileReference; lastKnownFileType = folder.assetcatalog; path = Assets.xcassets; sourceTree = "<group>"; };
		5016F4D9241EB4280020FA0A /* Base */ = {isa = PBXFileReference; lastKnownFileType = file.storyboard; name = Base; path = Base.lproj/LaunchScreen.storyboard; sourceTree = "<group>"; };
		5016F4DB241EB4280020FA0A /* Info.plist */ = {isa = PBXFileReference; lastKnownFileType = text.plist.xml; path = Info.plist; sourceTree = "<group>"; };
		5016F4E0241EB4290020FA0A /* Lucas Weakland Ballot ProjectTests.xctest */ = {isa = PBXFileReference; explicitFileType = wrapper.cfbundle; includeInIndex = 0; path = "Lucas Weakland Ballot ProjectTests.xctest"; sourceTree = BUILT_PRODUCTS_DIR; };
		5016F4E4241EB4290020FA0A /* Lucas_Weakland_Ballot_ProjectTests.swift */ = {isa = PBXFileReference; lastKnownFileType = sourcecode.swift; path = Lucas_Weakland_Ballot_ProjectTests.swift; sourceTree = "<group>"; };
		5016F4E6241EB4290020FA0A /* Info.plist */ = {isa = PBXFileReference; lastKnownFileType = text.plist.xml; path = Info.plist; sourceTree = "<group>"; };
		5016F4EB241EB4290020FA0A /* Lucas Weakland Ballot ProjectUITests.xctest */ = {isa = PBXFileReference; explicitFileType = wrapper.cfbundle; includeInIndex = 0; path = "Lucas Weakland Ballot ProjectUITests.xctest"; sourceTree = BUILT_PRODUCTS_DIR; };
		5016F4EF241EB4290020FA0A /* Lucas_Weakland_Ballot_ProjectUITests.swift */ = {isa = PBXFileReference; lastKnownFileType = sourcecode.swift; path = Lucas_Weakland_Ballot_ProjectUITests.swift; sourceTree = "<group>"; };
		5016F4F1241EB4290020FA0A /* Info.plist */ = {isa = PBXFileReference; lastKnownFileType = text.plist.xml; path = Info.plist; sourceTree = "<group>"; };
		5016F4FD241EB8B10020FA0A /* Management TabVC.swift */ = {isa = PBXFileReference; lastKnownFileType = sourcecode.swift; path = "Management TabVC.swift"; sourceTree = "<group>"; };
		5016F4FF241EB8EF0020FA0A /* IntroVC.swift */ = {isa = PBXFileReference; lastKnownFileType = sourcecode.swift; path = IntroVC.swift; sourceTree = "<group>"; };
		5016F501241EB9040020FA0A /* VoteVC.swift */ = {isa = PBXFileReference; lastKnownFileType = sourcecode.swift; path = VoteVC.swift; sourceTree = "<group>"; };
		5016F503241EB9180020FA0A /* ResultsVC.swift */ = {isa = PBXFileReference; lastKnownFileType = sourcecode.swift; path = ResultsVC.swift; sourceTree = "<group>"; };
		5016F505241FEC420020FA0A /* TabManageVC.swift */ = {isa = PBXFileReference; lastKnownFileType = sourcecode.swift; path = TabManageVC.swift; sourceTree = "<group>"; };
		5016F507241FEC7F0020FA0A /* TabBarManage.swift */ = {isa = PBXFileReference; lastKnownFileType = sourcecode.swift; path = TabBarManage.swift; sourceTree = "<group>"; };
/* End PBXFileReference section */

/* Begin PBXFrameworksBuildPhase section */
		5016F4C7241EB4260020FA0A /* Frameworks */ = {
			isa = PBXFrameworksBuildPhase;
			buildActionMask = 2147483647;
			files = (
			);
			runOnlyForDeploymentPostprocessing = 0;
		};
		5016F4DD241EB4290020FA0A /* Frameworks */ = {
			isa = PBXFrameworksBuildPhase;
			buildActionMask = 2147483647;
			files = (
			);
			runOnlyForDeploymentPostprocessing = 0;
		};
		5016F4E8241EB4290020FA0A /* Frameworks */ = {
			isa = PBXFrameworksBuildPhase;
			buildActionMask = 2147483647;
			files = (
			);
			runOnlyForDeploymentPostprocessing = 0;
		};
/* End PBXFrameworksBuildPhase section */

/* Begin PBXGroup section */
		5016F4C1241EB4260020FA0A = {
			isa = PBXGroup;
			children = (
				5016F4CC241EB4260020FA0A /* Lucas Weakland Ballot Project */,
				5016F4E3241EB4290020FA0A /* Lucas Weakland Ballot ProjectTests */,
				5016F4EE241EB4290020FA0A /* Lucas Weakland Ballot ProjectUITests */,
				5016F4CB241EB4260020FA0A /* Products */,
			);
			sourceTree = "<group>";
		};
		5016F4CB241EB4260020FA0A /* Products */ = {
			isa = PBXGroup;
			children = (
				5016F4CA241EB4260020FA0A /* Lucas Weakland Ballot Project.app */,
				5016F4E0241EB4290020FA0A /* Lucas Weakland Ballot ProjectTests.xctest */,
				5016F4EB241EB4290020FA0A /* Lucas Weakland Ballot ProjectUITests.xctest */,
			);
			name = Products;
			sourceTree = "<group>";
		};
		5016F4CC241EB4260020FA0A /* Lucas Weakland Ballot Project */ = {
			isa = PBXGroup;
			children = (
				5016F4CD241EB4260020FA0A /* AppDelegate.swift */,
				5016F4CF241EB4260020FA0A /* SceneDelegate.swift */,
				5016F4D1241EB4260020FA0A /* ViewController.swift */,
				5016F4D3241EB4260020FA0A /* Main.storyboard */,
				5016F507241FEC7F0020FA0A /* TabBarManage.swift */,
				5016F505241FEC420020FA0A /* TabManageVC.swift */,
				5016F503241EB9180020FA0A /* ResultsVC.swift */,
				5016F501241EB9040020FA0A /* VoteVC.swift */,
				5016F4FF241EB8EF0020FA0A /* IntroVC.swift */,
				5016F4FD241EB8B10020FA0A /* Management TabVC.swift */,
				5016F4D6241EB4280020FA0A /* Assets.xcassets */,
				5016F4D8241EB4280020FA0A /* LaunchScreen.storyboard */,
				5016F4DB241EB4280020FA0A /* Info.plist */,
			);
			path = "Lucas Weakland Ballot Project";
			sourceTree = "<group>";
		};
		5016F4E3241EB4290020FA0A /* Lucas Weakland Ballot ProjectTests */ = {
			isa = PBXGroup;
			children = (
				5016F4E4241EB4290020FA0A /* Lucas_Weakland_Ballot_ProjectTests.swift */,
				5016F4E6241EB4290020FA0A /* Info.plist */,
			);
			path = "Lucas Weakland Ballot ProjectTests";
			sourceTree = "<group>";
		};
		5016F4EE241EB4290020FA0A /* Lucas Weakland Ballot ProjectUITests */ = {
			isa = PBXGroup;
			children = (
				5016F4EF241EB4290020FA0A /* Lucas_Weakland_Ballot_ProjectUITests.swift */,
				5016F4F1241EB4290020FA0A /* Info.plist */,
			);
			path = "Lucas Weakland Ballot ProjectUITests";
			sourceTree = "<group>";
		};
/* End PBXGroup section */

/* Begin PBXNativeTarget section */
		5016F4C9241EB4260020FA0A /* Lucas Weakland Ballot Project */ = {
			isa = PBXNativeTarget;
			buildConfigurationList = 5016F4F4241EB4290020FA0A /* Build configuration list for PBXNativeTarget "Lucas Weakland Ballot Project" */;
			buildPhases = (
				5016F4C6241EB4260020FA0A /* Sources */,
				5016F4C7241EB4260020FA0A /* Frameworks */,
				5016F4C8241EB4260020FA0A /* Resources */,
			);
			buildRules = (
			);
			dependencies = (
			);
			name = "Lucas Weakland Ballot Project";
			productName = "Lucas Weakland Ballot Project";
			productReference = 5016F4CA241EB4260020FA0A /* Lucas Weakland Ballot Project.app */;
			productType = "com.apple.product-type.application";
		};
		5016F4DF241EB4290020FA0A /* Lucas Weakland Ballot ProjectTests */ = {
			isa = PBXNativeTarget;
			buildConfigurationList = 5016F4F7241EB4290020FA0A /* Build configuration list for PBXNativeTarget "Lucas Weakland Ballot ProjectTests" */;
			buildPhases = (
				5016F4DC241EB4290020FA0A /* Sources */,
				5016F4DD241EB4290020FA0A /* Frameworks */,
				5016F4DE241EB4290020FA0A /* Resources */,
			);
			buildRules = (
			);
			dependencies = (
				5016F4E2241EB4290020FA0A /* PBXTargetDependency */,
			);
			name = "Lucas Weakland Ballot ProjectTests";
			productName = "Lucas Weakland Ballot ProjectTests";
			productReference = 5016F4E0241EB4290020FA0A /* Lucas Weakland Ballot ProjectTests.xctest */;
			productType = "com.apple.product-type.bundle.unit-test";
		};
		5016F4EA241EB4290020FA0A /* Lucas Weakland Ballot ProjectUITests */ = {
			isa = PBXNativeTarget;
			buildConfigurationList = 5016F4FA241EB4290020FA0A /* Build configuration list for PBXNativeTarget "Lucas Weakland Ballot ProjectUITests" */;
			buildPhases = (
				5016F4E7241EB4290020FA0A /* Sources */,
				5016F4E8241EB4290020FA0A /* Frameworks */,
				5016F4E9241EB4290020FA0A /* Resources */,
			);
			buildRules = (
			);
			dependencies = (
				5016F4ED241EB4290020FA0A /* PBXTargetDependency */,
			);
			name = "Lucas Weakland Ballot ProjectUITests";
			productName = "Lucas Weakland Ballot ProjectUITests";
			productReference = 5016F4EB241EB4290020FA0A /* Lucas Weakland Ballot ProjectUITests.xctest */;
			productType = "com.apple.product-type.bundle.ui-testing";
		};
/* End PBXNativeTarget section */

/* Begin PBXProject section */
		5016F4C2241EB4260020FA0A /* Project object */ = {
			isa = PBXProject;
			attributes = {
				LastSwiftUpdateCheck = 1130;
				LastUpgradeCheck = 1130;
				ORGANIZATIONNAME = "Lucas Weakland";
				TargetAttributes = {
					5016F4C9241EB4260020FA0A = {
						CreatedOnToolsVersion = 11.3.1;
					};
					5016F4DF241EB4290020FA0A = {
						CreatedOnToolsVersion = 11.3.1;
						TestTargetID = 5016F4C9241EB4260020FA0A;
					};
					5016F4EA241EB4290020FA0A = {
						CreatedOnToolsVersion = 11.3.1;
						TestTargetID = 5016F4C9241EB4260020FA0A;
					};
				};
			};
			buildConfigurationList = 5016F4C5241EB4260020FA0A /* Build configuration list for PBXProject "Lucas Weakland Ballot Project" */;
			compatibilityVersion = "Xcode 9.3";
			developmentRegion = en;
			hasScannedForEncodings = 0;
			knownRegions = (
				en,
				Base,
			);
			mainGroup = 5016F4C1241EB4260020FA0A;
			productRefGroup = 5016F4CB241EB4260020FA0A /* Products */;
			projectDirPath = "";
			projectRoot = "";
			targets = (
				5016F4C9241EB4260020FA0A /* Lucas Weakland Ballot Project */,
				5016F4DF241EB4290020FA0A /* Lucas Weakland Ballot ProjectTests */,
				5016F4EA241EB4290020FA0A /* Lucas Weakland Ballot ProjectUITests */,
			);
		};
/* End PBXProject section */

/* Begin PBXResourcesBuildPhase section */
		5016F4C8241EB4260020FA0A /* Resources */ = {
			isa = PBXResourcesBuildPhase;
			buildActionMask = 2147483647;
			files = (
				5016F4DA241EB4280020FA0A /* LaunchScreen.storyboard in Resources */,
				5016F4D7241EB4280020FA0A /* Assets.xcassets in Resources */,
				5016F4D5241EB4260020FA0A /* Main.storyboard in Resources */,
			);
			runOnlyForDeploymentPostprocessing = 0;
		};
		5016F4DE241EB4290020FA0A /* Resources */ = {
			isa = PBXResourcesBuildPhase;
			buildActionMask = 2147483647;
			files = (
			);
			runOnlyForDeploymentPostprocessing = 0;
		};
		5016F4E9241EB4290020FA0A /* Resources */ = {
			isa = PBXResourcesBuildPhase;
			buildActionMask = 2147483647;
			files = (
			);
			runOnlyForDeploymentPostprocessing = 0;
		};
/* End PBXResourcesBuildPhase section */

/* Begin PBXSourcesBuildPhase section */
		5016F4C6241EB4260020FA0A /* Sources */ = {
			isa = PBXSourcesBuildPhase;
			buildActionMask = 2147483647;
			files = (
				5016F504241EB9180020FA0A /* ResultsVC.swift in Sources */,
				5016F500241EB8EF0020FA0A /* IntroVC.swift in Sources */,
				5016F4D2241EB4260020FA0A /* ViewController.swift in Sources */,
				5016F502241EB9040020FA0A /* VoteVC.swift in Sources */,
				5016F4CE241EB4260020FA0A /* AppDelegate.swift in Sources */,
				5016F506241FEC420020FA0A /* TabManageVC.swift in Sources */,
				5016F508241FEC7F0020FA0A /* TabBarManage.swift in Sources */,
				5016F4FE241EB8B10020FA0A /* Management TabVC.swift in Sources */,
				5016F4D0241EB4260020FA0A /* SceneDelegate.swift in Sources */,
			);
			runOnlyForDeploymentPostprocessing = 0;
		};
		5016F4DC241EB4290020FA0A /* Sources */ = {
			isa = PBXSourcesBuildPhase;
			buildActionMask = 2147483647;
			files = (
				5016F4E5241EB4290020FA0A /* Lucas_Weakland_Ballot_ProjectTests.swift in Sources */,
			);
			runOnlyForDeploymentPostprocessing = 0;
		};
		5016F4E7241EB4290020FA0A /* Sources */ = {
			isa = PBXSourcesBuildPhase;
			buildActionMask = 2147483647;
			files = (
				5016F4F0241EB4290020FA0A /* Lucas_Weakland_Ballot_ProjectUITests.swift in Sources */,
			);
			runOnlyForDeploymentPostprocessing = 0;
		};
/* End PBXSourcesBuildPhase section */

/* Begin PBXTargetDependency section */
		5016F4E2241EB4290020FA0A /* PBXTargetDependency */ = {
			isa = PBXTargetDependency;
			target = 5016F4C9241EB4260020FA0A /* Lucas Weakland Ballot Project */;
			targetProxy = 5016F4E1241EB4290020FA0A /* PBXContainerItemProxy */;
		};
		5016F4ED241EB4290020FA0A /* PBXTargetDependency */ = {
			isa = PBXTargetDependency;
			target = 5016F4C9241EB4260020FA0A /* Lucas Weakland Ballot Project */;
			targetProxy = 5016F4EC241EB4290020FA0A /* PBXContainerItemProxy */;
		};
/* End PBXTargetDependency section */

/* Begin PBXVariantGroup section */
		5016F4D3241EB4260020FA0A /* Main.storyboard */ = {
			isa = PBXVariantGroup;
			children = (
				5016F4D4241EB4260020FA0A /* Base */,
			);
			name = Main.storyboard;
			sourceTree = "<group>";
		};
		5016F4D8241EB4280020FA0A /* LaunchScreen.storyboard */ = {
			isa = PBXVariantGroup;
			children = (
				5016F4D9241EB4280020FA0A /* Base */,
			);
			name = LaunchScreen.storyboard;
			sourceTree = "<group>";
		};
/* End PBXVariantGroup section */

/* Begin XCBuildConfiguration section */
		5016F4F2241EB4290020FA0A /* Debug */ = {
			isa = XCBuildConfiguration;
			buildSettings = {
				ALWAYS_SEARCH_USER_PATHS = NO;
				CLANG_ANALYZER_NONNULL = YES;
				CLANG_ANALYZER_NUMBER_OBJECT_CONVERSION = YES_AGGRESSIVE;
				CLANG_CXX_LANGUAGE_STANDARD = "gnu++14";
				CLANG_CXX_LIBRARY = "libc++";
				CLANG_ENABLE_MODULES = YES;
				CLANG_ENABLE_OBJC_ARC = YES;
				CLANG_ENABLE_OBJC_WEAK = YES;
				CLANG_WARN_BLOCK_CAPTURE_AUTORELEASING = YES;
				CLANG_WARN_BOOL_CONVERSION = YES;
				CLANG_WARN_COMMA = YES;
				CLANG_WARN_CONSTANT_CONVERSION = YES;
				CLANG_WARN_DEPRECATED_OBJC_IMPLEMENTATIONS = YES;
				CLANG_WARN_DIRECT_OBJC_ISA_USAGE = YES_ERROR;
				CLANG_WARN_DOCUMENTATION_COMMENTS = YES;
				CLANG_WARN_EMPTY_BODY = YES;
				CLANG_WARN_ENUM_CONVERSION = YES;
				CLANG_WARN_INFINITE_RECURSION = YES;
				CLANG_WARN_INT_CONVERSION = YES;
				CLANG_WARN_NON_LITERAL_NULL_CONVERSION = YES;
				CLANG_WARN_OBJC_IMPLICIT_RETAIN_SELF = YES;
				CLANG_WARN_OBJC_LITERAL_CONVERSION = YES;
				CLANG_WARN_OBJC_ROOT_CLASS = YES_ERROR;
				CLANG_WARN_RANGE_LOOP_ANALYSIS = YES;
				CLANG_WARN_STRICT_PROTOTYPES = YES;
				CLANG_WARN_SUSPICIOUS_MOVE = YES;
				CLANG_WARN_UNGUARDED_AVAILABILITY = YES_AGGRESSIVE;
				CLANG_WARN_UNREACHABLE_CODE = YES;
				CLANG_WARN__DUPLICATE_METHOD_MATCH = YES;
				COPY_PHASE_STRIP = NO;
				DEBUG_INFORMATION_FORMAT = dwarf;
				ENABLE_STRICT_OBJC_MSGSEND = YES;
				ENABLE_TESTABILITY = YES;
				GCC_C_LANGUAGE_STANDARD = gnu11;
				GCC_DYNAMIC_NO_PIC = NO;
				GCC_NO_COMMON_BLOCKS = YES;
				GCC_OPTIMIZATION_LEVEL = 0;
				GCC_PREPROCESSOR_DEFINITIONS = (
					"DEBUG=1",
					"$(inherited)",
				);
				GCC_WARN_64_TO_32_BIT_CONVERSION = YES;
				GCC_WARN_ABOUT_RETURN_TYPE = YES_ERROR;
				GCC_WARN_UNDECLARED_SELECTOR = YES;
				GCC_WARN_UNINITIALIZED_AUTOS = YES_AGGRESSIVE;
				GCC_WARN_UNUSED_FUNCTION = YES;
				GCC_WARN_UNUSED_VARIABLE = YES;
				IPHONEOS_DEPLOYMENT_TARGET = 13.2;
				MTL_ENABLE_DEBUG_INFO = INCLUDE_SOURCE;
				MTL_FAST_MATH = YES;
				ONLY_ACTIVE_ARCH = YES;
				SDKROOT = iphoneos;
				SWIFT_ACTIVE_COMPILATION_CONDITIONS = DEBUG;
				SWIFT_OPTIMIZATION_LEVEL = "-Onone";
			};
			name = Debug;
		};
		5016F4F3241EB4290020FA0A /* Release */ = {
			isa = XCBuildConfiguration;
			buildSettings = {
				ALWAYS_SEARCH_USER_PATHS = NO;
				CLANG_ANALYZER_NONNULL = YES;
				CLANG_ANALYZER_NUMBER_OBJECT_CONVERSION = YES_AGGRESSIVE;
				CLANG_CXX_LANGUAGE_STANDARD = "gnu++14";
				CLANG_CXX_LIBRARY = "libc++";
				CLANG_ENABLE_MODULES = YES;
				CLANG_ENABLE_OBJC_ARC = YES;
				CLANG_ENABLE_OBJC_WEAK = YES;
				CLANG_WARN_BLOCK_CAPTURE_AUTORELEASING = YES;
				CLANG_WARN_BOOL_CONVERSION = YES;
				CLANG_WARN_COMMA = YES;
				CLANG_WARN_CONSTANT_CONVERSION = YES;
				CLANG_WARN_DEPRECATED_OBJC_IMPLEMENTATIONS = YES;
				CLANG_WARN_DIRECT_OBJC_ISA_USAGE = YES_ERROR;
				CLANG_WARN_DOCUMENTATION_COMMENTS = YES;
				CLANG_WARN_EMPTY_BODY = YES;
				CLANG_WARN_ENUM_CONVERSION = YES;
				CLANG_WARN_INFINITE_RECURSION = YES;
				CLANG_WARN_INT_CONVERSION = YES;
				CLANG_WARN_NON_LITERAL_NULL_CONVERSION = YES;
				CLANG_WARN_OBJC_IMPLICIT_RETAIN_SELF = YES;
				CLANG_WARN_OBJC_LITERAL_CONVERSION = YES;
				CLANG_WARN_OBJC_ROOT_CLASS = YES_ERROR;
				CLANG_WARN_RANGE_LOOP_ANALYSIS = YES;
				CLANG_WARN_STRICT_PROTOTYPES = YES;
				CLANG_WARN_SUSPICIOUS_MOVE = YES;
				CLANG_WARN_UNGUARDED_AVAILABILITY = YES_AGGRESSIVE;
				CLANG_WARN_UNREACHABLE_CODE = YES;
				CLANG_WARN__DUPLICATE_METHOD_MATCH = YES;
				COPY_PHASE_STRIP = NO;
				DEBUG_INFORMATION_FORMAT = "dwarf-with-dsym";
				ENABLE_NS_ASSERTIONS = NO;
				ENABLE_STRICT_OBJC_MSGSEND = YES;
				GCC_C_LANGUAGE_STANDARD = gnu11;
				GCC_NO_COMMON_BLOCKS = YES;
				GCC_WARN_64_TO_32_BIT_CONVERSION = YES;
				GCC_WARN_ABOUT_RETURN_TYPE = YES_ERROR;
				GCC_WARN_UNDECLARED_SELECTOR = YES;
				GCC_WARN_UNINITIALIZED_AUTOS = YES_AGGRESSIVE;
				GCC_WARN_UNUSED_FUNCTION = YES;
				GCC_WARN_UNUSED_VARIABLE = YES;
				IPHONEOS_DEPLOYMENT_TARGET = 13.2;
				MTL_ENABLE_DEBUG_INFO = NO;
				MTL_FAST_MATH = YES;
				SDKROOT = iphoneos;
				SWIFT_COMPILATION_MODE = wholemodule;
				SWIFT_OPTIMIZATION_LEVEL = "-O";
				VALIDATE_PRODUCT = YES;
			};
			name = Release;
		};
		5016F4F5241EB4290020FA0A /* Debug */ = {
			isa = XCBuildConfiguration;
			buildSettings = {
				ASSETCATALOG_COMPILER_APPICON_NAME = AppIcon;
				CODE_SIGN_STYLE = Automatic;
				DEVELOPMENT_TEAM = MAHCB89Z56;
				INFOPLIST_FILE = "Lucas Weakland Ballot Project/Info.plist";
				LD_RUNPATH_SEARCH_PATHS = (
					"$(inherited)",
					"@executable_path/Frameworks",
				);
				PRODUCT_BUNDLE_IDENTIFIER = "lucasweaklandprog2.Lucas-Weakland-Ballot-Project";
				PRODUCT_NAME = "$(TARGET_NAME)";
				SWIFT_VERSION = 5.0;
				TARGETED_DEVICE_FAMILY = "1,2";
			};
			name = Debug;
		};
		5016F4F6241EB4290020FA0A /* Release */ = {
			isa = XCBuildConfiguration;
			buildSettings = {
				ASSETCATALOG_COMPILER_APPICON_NAME = AppIcon;
				CODE_SIGN_STYLE = Automatic;
				DEVELOPMENT_TEAM = MAHCB89Z56;
				INFOPLIST_FILE = "Lucas Weakland Ballot Project/Info.plist";
				LD_RUNPATH_SEARCH_PATHS = (
					"$(inherited)",
					"@executable_path/Frameworks",
				);
				PRODUCT_BUNDLE_IDENTIFIER = "lucasweaklandprog2.Lucas-Weakland-Ballot-Project";
				PRODUCT_NAME = "$(TARGET_NAME)";
				SWIFT_VERSION = 5.0;
				TARGETED_DEVICE_FAMILY = "1,2";
			};
			name = Release;
		};
		5016F4F8241EB4290020FA0A /* Debug */ = {
			isa = XCBuildConfiguration;
			buildSettings = {
				ALWAYS_EMBED_SWIFT_STANDARD_LIBRARIES = YES;
				BUNDLE_LOADER = "$(TEST_HOST)";
				CODE_SIGN_STYLE = Automatic;
				DEVELOPMENT_TEAM = MAHCB89Z56;
				INFOPLIST_FILE = "Lucas Weakland Ballot ProjectTests/Info.plist";
				IPHONEOS_DEPLOYMENT_TARGET = 13.2;
				LD_RUNPATH_SEARCH_PATHS = (
					"$(inherited)",
					"@executable_path/Frameworks",
					"@loader_path/Frameworks",
				);
				PRODUCT_BUNDLE_IDENTIFIER = "lucasweaklandprog2.Lucas-Weakland-Ballot-ProjectTests";
				PRODUCT_NAME = "$(TARGET_NAME)";
				SWIFT_VERSION = 5.0;
				TARGETED_DEVICE_FAMILY = "1,2";
				TEST_HOST = "$(BUILT_PRODUCTS_DIR)/Lucas Weakland Ballot Project.app/Lucas Weakland Ballot Project";
			};
			name = Debug;
		};
		5016F4F9241EB4290020FA0A /* Release */ = {
			isa = XCBuildConfiguration;
			buildSettings = {
				ALWAYS_EMBED_SWIFT_STANDARD_LIBRARIES = YES;
				BUNDLE_LOADER = "$(TEST_HOST)";
				CODE_SIGN_STYLE = Automatic;
				DEVELOPMENT_TEAM = MAHCB89Z56;
				INFOPLIST_FILE = "Lucas Weakland Ballot ProjectTests/Info.plist";
				IPHONEOS_DEPLOYMENT_TARGET = 13.2;
				LD_RUNPATH_SEARCH_PATHS = (
					"$(inherited)",
					"@executable_path/Frameworks",
					"@loader_path/Frameworks",
				);
				PRODUCT_BUNDLE_IDENTIFIER = "lucasweaklandprog2.Lucas-Weakland-Ballot-ProjectTests";
				PRODUCT_NAME = "$(TARGET_NAME)";
				SWIFT_VERSION = 5.0;
				TARGETED_DEVICE_FAMILY = "1,2";
				TEST_HOST = "$(BUILT_PRODUCTS_DIR)/Lucas Weakland Ballot Project.app/Lucas Weakland Ballot Project";
			};
			name = Release;
		};
		5016F4FB241EB4290020FA0A /* Debug */ = {
			isa = XCBuildConfiguration;
			buildSettings = {
				ALWAYS_EMBED_SWIFT_STANDARD_LIBRARIES = YES;
				CODE_SIGN_STYLE = Automatic;
				DEVELOPMENT_TEAM = MAHCB89Z56;
				INFOPLIST_FILE = "Lucas Weakland Ballot ProjectUITests/Info.plist";
				LD_RUNPATH_SEARCH_PATHS = (
					"$(inherited)",
					"@executable_path/Frameworks",
					"@loader_path/Frameworks",
				);
				PRODUCT_BUNDLE_IDENTIFIER = "lucasweaklandprog2.Lucas-Weakland-Ballot-ProjectUITests";
				PRODUCT_NAME = "$(TARGET_NAME)";
				SWIFT_VERSION = 5.0;
				TARGETED_DEVICE_FAMILY = "1,2";
				TEST_TARGET_NAME = "Lucas Weakland Ballot Project";
			};
			name = Debug;
		};
		5016F4FC241EB4290020FA0A /* Release */ = {
			isa = XCBuildConfiguration;
			buildSettings = {
				ALWAYS_EMBED_SWIFT_STANDARD_LIBRARIES = YES;
				CODE_SIGN_STYLE = Automatic;
				DEVELOPMENT_TEAM = MAHCB89Z56;
				INFOPLIST_FILE = "Lucas Weakland Ballot ProjectUITests/Info.plist";
				LD_RUNPATH_SEARCH_PATHS = (
					"$(inherited)",
					"@executable_path/Frameworks",
					"@loader_path/Frameworks",
				);
				PRODUCT_BUNDLE_IDENTIFIER = "lucasweaklandprog2.Lucas-Weakland-Ballot-ProjectUITests";
				PRODUCT_NAME = "$(TARGET_NAME)";
				SWIFT_VERSION = 5.0;
				TARGETED_DEVICE_FAMILY = "1,2";
				TEST_TARGET_NAME = "Lucas Weakland Ballot Project";
			};
			name = Release;
		};
/* End XCBuildConfiguration section */

/* Begin XCConfigurationList section */
		5016F4C5241EB4260020FA0A /* Build configuration list for PBXProject "Lucas Weakland Ballot Project" */ = {
			isa = XCConfigurationList;
			buildConfigurations = (
				5016F4F2241EB4290020FA0A /* Debug */,
				5016F4F3241EB4290020FA0A /* Release */,
			);
			defaultConfigurationIsVisible = 0;
			defaultConfigurationName = Release;
		};
		5016F4F4241EB4290020FA0A /* Build configuration list for PBXNativeTarget "Lucas Weakland Ballot Project" */ = {
			isa = XCConfigurationList;
			buildConfigurations = (
				5016F4F5241EB4290020FA0A /* Debug */,
				5016F4F6241EB4290020FA0A /* Release */,
			);
			defaultConfigurationIsVisible = 0;
			defaultConfigurationName = Release;
		};
		5016F4F7241EB4290020FA0A /* Build configuration list for PBXNativeTarget "Lucas Weakland Ballot ProjectTests" */ = {
			isa = XCConfigurationList;
			buildConfigurations = (
				5016F4F8241EB4290020FA0A /* Debug */,
				5016F4F9241EB4290020FA0A /* Release */,
			);
			defaultConfigurationIsVisible = 0;
			defaultConfigurationName = Release;
		};
		5016F4FA241EB4290020FA0A /* Build configuration list for PBXNativeTarget "Lucas Weakland Ballot ProjectUITests" */ = {
			isa = XCConfigurationList;
			buildConfigurations = (
				5016F4FB241EB4290020FA0A /* Debug */,
				5016F4FC241EB4290020FA0A /* Release */,
			);
			defaultConfigurationIsVisible = 0;
			defaultConfigurationName = Release;
		};
/* End XCConfigurationList section */
	};
	rootObject = 5016F4C2241EB4260020FA0A /* Project object */;
}
